
Microsoft Visual Studio Solution File, Format Version 12.00
# Visual Studio Version 17
VisualStudioVersion = 17.13.35806.99 d17.13
MinimumVisualStudioVersion = 10.0.40219.1
Project("{FAE04EC0-301F-11D3-BF4B-00C04F79EFBC}") = "Onus.API", "Onus.API\Onus.API.csproj", "{A1544AA1-591D-4AD1-9290-61A58E7848DF}"
EndProject
Global
	GlobalSection(SolutionConfigurationPlatforms) = preSolution
		Debug|Any CPU = Debug|Any CPU
		Release|Any CPU = Release|Any CPU
	EndGlobalSection
	GlobalSection(ProjectConfigurationPlatforms) = postSolution
		{A1544AA1-591D-4AD1-9290-61A58E7848DF}.Debug|Any CPU.ActiveCfg = Debug|Any CPU
		{A1544AA1-591D-4AD1-9290-61A58E7848DF}.Debug|Any CPU.Build.0 = Debug|Any CPU
		{A1544AA1-591D-4AD1-9290-61A58E7848DF}.Release|Any CPU.ActiveCfg = Release|Any CPU
		{A1544AA1-591D-4AD1-9290-61A58E7848DF}.Release|Any CPU.Build.0 = Release|Any CPU
	EndGlobalSection
	GlobalSection(SolutionProperties) = preSolution
		HideSolutionNode = FALSE
	EndGlobalSection
	GlobalSection(ExtensibilityGlobals) = postSolution
		SolutionGuid = {178A7414-B640-4EEC-A7F3-88BBD79E37FF}
	EndGlobalSection
EndGlobal
